
Microsoft Visual Studio Solution File, Format Version 12.00
# Visual Studio Version 16
VisualStudioVersion = 25.0.1705.4
MinimumVisualStudioVersion = 10.0.40219.1
Project("{FAE04EC0-301F-11D3-BF4B-00C04F79EFBC}") = "SimpleWebAPI", "SimpleWebAPI\SimpleWebAPI.csproj", "{B4CC4A43-CB6B-4C9C-AE4F-7160279EC956}"
EndProject
Global
	GlobalSection(SolutionConfigurationPlatforms) = preSolution
		Debug|Any CPU = Debug|Any CPU
		Release|Any CPU = Release|Any CPU
	EndGlobalSection
	GlobalSection(ProjectConfigurationPlatforms) = postSolution
		{B4CC4A43-CB6B-4C9C-AE4F-7160279EC956}.Debug|Any CPU.ActiveCfg = Debug|Any CPU
		{B4CC4A43-CB6B-4C9C-AE4F-7160279EC956}.Debug|Any CPU.Build.0 = Debug|Any CPU
		{B4CC4A43-CB6B-4C9C-AE4F-7160279EC956}.Release|Any CPU.ActiveCfg = Release|Any CPU
		{B4CC4A43-CB6B-4C9C-AE4F-7160279EC956}.Release|Any CPU.Build.0 = Release|Any CPU
	EndGlobalSection
	GlobalSection(SolutionProperties) = preSolution
		HideSolutionNode = FALSE
	EndGlobalSection
	GlobalSection(ExtensibilityGlobals) = postSolution
		SolutionGuid = {C4FE64ED-EE22-45FB-8583-947B7AC69AF6}
	EndGlobalSection
EndGlobal
